{
  "name": "miniprogram",
  "version": "1.0.0",
  "lockfileVersion": 1,
  "requires": true,
  "dependencies": {
    "geometrizejs": {
      "version": "0.0.12",
      "resolved": "https://registry.npmjs.org/geometrizejs/-/geometrizejs-0.0.12.tgz",
      "integrity": "sha512-MQizVdsPDkltyjcG2HhabiyPEDODLTNB7D4HUd0q7B3QQhrA1rr1nmm7cAtjTp7Pc4J17Le4z6SuNGBXvb4Yvw=="
    }
  }
}
